// !$*UTF8*$!
{
	archiveVersion = 1;
	classes = {
	};
	objectVersion = 46;
	objects = {

/* Begin PBXBuildFile section */
		ACE39CAC1D74EDB9003971F2 /* AppDelegate.swift in Sources */ = {isa = PBXBuildFile; fileRef = ACE39CAB1D74EDB9003971F2 /* AppDelegate.swift */; };
		ACE39CAE1D74EDB9003971F2 /* ViewController.swift in Sources */ = {isa = PBXBuildFile; fileRef = ACE39CAD1D74EDB9003971F2 /* ViewController.swift */; };
		ACE39CB11D74EDB9003971F2 /* Main.storyboard in Resources */ = {isa = PBXBuildFile; fileRef = ACE39CAF1D74EDB9003971F2 /* Main.storyboard */; };
		ACE39CB31D74EDB9003971F2 /* Assets.xcassets in Resources */ = {isa = PBXBuildFile; fileRef = ACE39CB21D74EDB9003971F2 /* Assets.xcassets */; };
		ACE39CB61D74EDB9003971F2 /* LaunchScreen.storyboard in Resources */ = {isa = PBXBuildFile; fileRef = ACE39CB41D74EDB9003971F2 /* LaunchScreen.storyboard */; };
		ACE39CBE1D75040A003971F2 /* Australia.mp3 in Resources */ = {isa = PBXBuildFile; fileRef = ACE39CBD1D75040A003971F2 /* Australia.mp3 */; };
		ACE39CC51D75041A003971F2 /* Bajito.mp3 in Resources */ = {isa = PBXBuildFile; fileRef = ACE39CBF1D75041A003971F2 /* Bajito.mp3 */; };
		ACE39CC61D75041A003971F2 /* Cold Water.mp3 in Resources */ = {isa = PBXBuildFile; fileRef = ACE39CC01D75041A003971F2 /* Cold Water.mp3 */; };
		ACE39CC71D75041A003971F2 /* Ella.mp3 in Resources */ = {isa = PBXBuildFile; fileRef = ACE39CC11D75041A003971F2 /* Ella.mp3 */; };
		ACE39CC81D75041A003971F2 /* Island in the Sun.mp3 in Resources */ = {isa = PBXBuildFile; fileRef = ACE39CC21D75041A003971F2 /* Island in the Sun.mp3 */; };
		ACE39CC91D75041A003971F2 /* Otra vez.mp3 in Resources */ = {isa = PBXBuildFile; fileRef = ACE39CC31D75041A003971F2 /* Otra vez.mp3 */; };
		ACE39CCA1D75041A003971F2 /* Quemando Amor.mp3 in Resources */ = {isa = PBXBuildFile; fileRef = ACE39CC41D75041A003971F2 /* Quemando Amor.mp3 */; };
/* End PBXBuildFile section */

/* Begin PBXFileReference section */
		ACE39CA81D74EDB9003971F2 /* ReproductorMusica.app */ = {isa = PBXFileReference; explicitFileType = wrapper.application; includeInIndex = 0; path = ReproductorMusica.app; sourceTree = BUILT_PRODUCTS_DIR; };
		ACE39CAB1D74EDB9003971F2 /* AppDelegate.swift */ = {isa = PBXFileReference; lastKnownFileType = sourcecode.swift; path = AppDelegate.swift; sourceTree = "<group>"; };
		ACE39CAD1D74EDB9003971F2 /* ViewController.swift */ = {isa = PBXFileReference; lastKnownFileType = sourcecode.swift; path = ViewController.swift; sourceTree = "<group>"; };
		ACE39CB01D74EDB9003971F2 /* Base */ = {isa = PBXFileReference; lastKnownFileType = file.storyboard; name = Base; path = Base.lproj/Main.storyboard; sourceTree = "<group>"; };
		ACE39CB21D74EDB9003971F2 /* Assets.xcassets */ = {isa = PBXFileReference; lastKnownFileType = folder.assetcatalog; path = Assets.xcassets; sourceTree = "<group>"; };
		ACE39CB51D74EDB9003971F2 /* Base */ = {isa = PBXFileReference; lastKnownFileType = file.storyboard; name = Base; path = Base.lproj/LaunchScreen.storyboard; sourceTree = "<group>"; };
		ACE39CB71D74EDB9003971F2 /* Info.plist */ = {isa = PBXFileReference; lastKnownFileType = text.plist.xml; path = Info.plist; sourceTree = "<group>"; };
		ACE39CBD1D75040A003971F2 /* Australia.mp3 */ = {isa = PBXFileReference; lastKnownFileType = audio.mp3; path = Australia.mp3; sourceTree = "<group>"; };
		ACE39CBF1D75041A003971F2 /* Bajito.mp3 */ = {isa = PBXFileReference; lastKnownFileType = audio.mp3; path = Bajito.mp3; sourceTree = "<group>"; };
		ACE39CC01D75041A003971F2 /* Cold Water.mp3 */ = {isa = PBXFileReference; lastKnownFileType = audio.mp3; path = "Cold Water.mp3"; sourceTree = "<group>"; };
		ACE39CC11D75041A003971F2 /* Ella.mp3 */ = {isa = PBXFileReference; lastKnownFileType = audio.mp3; path = Ella.mp3; sourceTree = "<group>"; };
		ACE39CC21D75041A003971F2 /* Island in the Sun.mp3 */ = {isa = PBXFileReference; lastKnownFileType = audio.mp3; path = "Island in the Sun.mp3"; sourceTree = "<group>"; };
		ACE39CC31D75041A003971F2 /* Otra vez.mp3 */ = {isa = PBXFileReference; lastKnownFileType = audio.mp3; path = "Otra vez.mp3"; sourceTree = "<group>"; };
		ACE39CC41D75041A003971F2 /* Quemando Amor.mp3 */ = {isa = PBXFileReference; lastKnownFileType = audio.mp3; path = "Quemando Amor.mp3"; sourceTree = "<group>"; };
/* End PBXFileReference section */

/* Begin PBXFrameworksBuildPhase section */
		ACE39CA51D74EDB9003971F2 /* Frameworks */ = {
			isa = PBXFrameworksBuildPhase;
			buildActionMask = 2147483647;
			files = (
			);
			runOnlyForDeploymentPostprocessing = 0;
		};
/* End PBXFrameworksBuildPhase section */

/* Begin PBXGroup section */
		ACE39C9F1D74EDB8003971F2 = {
			isa = PBXGroup;
			children = (
				ACE39CAA1D74EDB9003971F2 /* ReproductorMusica */,
				ACE39CA91D74EDB9003971F2 /* Products */,
			);
			sourceTree = "<group>";
		};
		ACE39CA91D74EDB9003971F2 /* Products */ = {
			isa = PBXGroup;
			children = (
				ACE39CA81D74EDB9003971F2 /* ReproductorMusica.app */,
			);
			name = Products;
			sourceTree = "<group>";
		};
		ACE39CAA1D74EDB9003971F2 /* ReproductorMusica */ = {
			isa = PBXGroup;
			children = (
				ACE39CBF1D75041A003971F2 /* Bajito.mp3 */,
				ACE39CC01D75041A003971F2 /* Cold Water.mp3 */,
				ACE39CC11D75041A003971F2 /* Ella.mp3 */,
				ACE39CC21D75041A003971F2 /* Island in the Sun.mp3 */,
				ACE39CC31D75041A003971F2 /* Otra vez.mp3 */,
				ACE39CC41D75041A003971F2 /* Quemando Amor.mp3 */,
				ACE39CBD1D75040A003971F2 /* Australia.mp3 */,
				ACE39CAB1D74EDB9003971F2 /* AppDelegate.swift */,
				ACE39CAD1D74EDB9003971F2 /* ViewController.swift */,
				ACE39CAF1D74EDB9003971F2 /* Main.storyboard */,
				ACE39CB21D74EDB9003971F2 /* Assets.xcassets */,
				ACE39CB41D74EDB9003971F2 /* LaunchScreen.storyboard */,
				ACE39CB71D74EDB9003971F2 /* Info.plist */,
			);
			path = ReproductorMusica;
			sourceTree = "<group>";
		};
/* End PBXGroup section */

/* Begin PBXNativeTarget section */
		ACE39CA71D74EDB9003971F2 /* ReproductorMusica */ = {
			isa = PBXNativeTarget;
			buildConfigurationList = ACE39CBA1D74EDB9003971F2 /* Build configuration list for PBXNativeTarget "ReproductorMusica" */;
			buildPhases = (
				ACE39CA41D74EDB9003971F2 /* Sources */,
				ACE39CA51D74EDB9003971F2 /* Frameworks */,
				ACE39CA61D74EDB9003971F2 /* Resources */,
			);
			buildRules = (
			);
			dependencies = (
			);
			name = ReproductorMusica;
			productName = ReproductorMusica;
			productReference = ACE39CA81D74EDB9003971F2 /* ReproductorMusica.app */;
			productType = "com.apple.product-type.application";
		};
/* End PBXNativeTarget section */

/* Begin PBXProject section */
		ACE39CA01D74EDB8003971F2 /* Project object */ = {
			isa = PBXProject;
			attributes = {
				LastSwiftUpdateCheck = 0720;
				LastUpgradeCheck = 0720;
				ORGANIZATIONNAME = Mario;
				TargetAttributes = {
					ACE39CA71D74EDB9003971F2 = {
						CreatedOnToolsVersion = 7.2.1;
					};
				};
			};
			buildConfigurationList = ACE39CA31D74EDB8003971F2 /* Build configuration list for PBXProject "ReproductorMusica" */;
			compatibilityVersion = "Xcode 3.2";
			developmentRegion = English;
			hasScannedForEncodings = 0;
			knownRegions = (
				en,
				Base,
			);
			mainGroup = ACE39C9F1D74EDB8003971F2;
			productRefGroup = ACE39CA91D74EDB9003971F2 /* Products */;
			projectDirPath = "";
			projectRoot = "";
			targets = (
				ACE39CA71D74EDB9003971F2 /* ReproductorMusica */,
			);
		};
/* End PBXProject section */

/* Begin PBXResourcesBuildPhase section */
		ACE39CA61D74EDB9003971F2 /* Resources */ = {
			isa = PBXResourcesBuildPhase;
			buildActionMask = 2147483647;
			files = (
				ACE39CC71D75041A003971F2 /* Ella.mp3 in Resources */,
				ACE39CB61D74EDB9003971F2 /* LaunchScreen.storyboard in Resources */,
				ACE39CBE1D75040A003971F2 /* Australia.mp3 in Resources */,
				ACE39CB31D74EDB9003971F2 /* Assets.xcassets in Resources */,
				ACE39CC81D75041A003971F2 /* Island in the Sun.mp3 in Resources */,
				ACE39CC51D75041A003971F2 /* Bajito.mp3 in Resources */,
				ACE39CB11D74EDB9003971F2 /* Main.storyboard in Resources */,
				ACE39CC91D75041A003971F2 /* Otra vez.mp3 in Resources */,
				ACE39CCA1D75041A003971F2 /* Quemando Amor.mp3 in Resources */,
				ACE39CC61D75041A003971F2 /* Cold Water.mp3 in Resources */,
			);
			runOnlyForDeploymentPostprocessing = 0;
		};
/* End PBXResourcesBuildPhase section */

/* Begin PBXSourcesBuildPhase section */
		ACE39CA41D74EDB9003971F2 /* Sources */ = {
			isa = PBXSourcesBuildPhase;
			buildActionMask = 2147483647;
			files = (
				ACE39CAE1D74EDB9003971F2 /* ViewController.swift in Sources */,
				ACE39CAC1D74EDB9003971F2 /* AppDelegate.swift in Sources */,
			);
			runOnlyForDeploymentPostprocessing = 0;
		};
/* End PBXSourcesBuildPhase section */

/* Begin PBXVariantGroup section */
		ACE39CAF1D74EDB9003971F2 /* Main.storyboard */ = {
			isa = PBXVariantGroup;
			children = (
				ACE39CB01D74EDB9003971F2 /* Base */,
			);
			name = Main.storyboard;
			sourceTree = "<group>";
		};
		ACE39CB41D74EDB9003971F2 /* LaunchScreen.storyboard */ = {
			isa = PBXVariantGroup;
			children = (
				ACE39CB51D74EDB9003971F2 /* Base */,
			);
			name = LaunchScreen.storyboard;
			sourceTree = "<group>";
		};
/* End PBXVariantGroup section */

/* Begin XCBuildConfiguration section */
		ACE39CB81D74EDB9003971F2 /* Debug */ = {
			isa = XCBuildConfiguration;
			buildSettings = {
				ALWAYS_SEARCH_USER_PATHS = NO;
				CLANG_CXX_LANGUAGE_STANDARD = "gnu++0x";
				CLANG_CXX_LIBRARY = "libc++";
				CLANG_ENABLE_MODULES = YES;
				CLANG_ENABLE_OBJC_ARC = YES;
				CLANG_WARN_BOOL_CONVERSION = YES;
				CLANG_WARN_CONSTANT_CONVERSION = YES;
				CLANG_WARN_DIRECT_OBJC_ISA_USAGE = YES_ERROR;
				CLANG_WARN_EMPTY_BODY = YES;
				CLANG_WARN_ENUM_CONVERSION = YES;
				CLANG_WARN_INT_CONVERSION = YES;
				CLANG_WARN_OBJC_ROOT_CLASS = YES_ERROR;
				CLANG_WARN_UNREACHABLE_CODE = YES;
				CLANG_WARN__DUPLICATE_METHOD_MATCH = YES;
				"CODE_SIGN_IDENTITY[sdk=iphoneos*]" = "iPhone Developer";
				COPY_PHASE_STRIP = NO;
				DEBUG_INFORMATION_FORMAT = dwarf;
				ENABLE_STRICT_OBJC_MSGSEND = YES;
				ENABLE_TESTABILITY = YES;
				GCC_C_LANGUAGE_STANDARD = gnu99;
				GCC_DYNAMIC_NO_PIC = NO;
				GCC_NO_COMMON_BLOCKS = YES;
				GCC_OPTIMIZATION_LEVEL = 0;
				GCC_PREPROCESSOR_DEFINITIONS = (
					"DEBUG=1",
					"$(inherited)",
				);
				GCC_WARN_64_TO_32_BIT_CONVERSION = YES;
				GCC_WARN_ABOUT_RETURN_TYPE = YES_ERROR;
				GCC_WARN_UNDECLARED_SELECTOR = YES;
				GCC_WARN_UNINITIALIZED_AUTOS = YES_AGGRESSIVE;
				GCC_WARN_UNUSED_FUNCTION = YES;
				GCC_WARN_UNUSED_VARIABLE = YES;
				IPHONEOS_DEPLOYMENT_TARGET = 9.2;
				MTL_ENABLE_DEBUG_INFO = YES;
				ONLY_ACTIVE_ARCH = YES;
				SDKROOT = iphoneos;
				SWIFT_OPTIMIZATION_LEVEL = "-Onone";
			};
			name = Debug;
		};
		ACE39CB91D74EDB9003971F2 /* Release */ = {
			isa = XCBuildConfiguration;
			buildSettings = {
				ALWAYS_SEARCH_USER_PATHS = NO;
				CLANG_CXX_LANGUAGE_STANDARD = "gnu++0x";
				CLANG_CXX_LIBRARY = "libc++";
				CLANG_ENABLE_MODULES = YES;
				CLANG_ENABLE_OBJC_ARC = YES;
				CLANG_WARN_BOOL_CONVERSION = YES;
				CLANG_WARN_CONSTANT_CONVERSION = YES;
				CLANG_WARN_DIRECT_OBJC_ISA_USAGE = YES_ERROR;
				CLANG_WARN_EMPTY_BODY = YES;
				CLANG_WARN_ENUM_CONVERSION = YES;
				CLANG_WARN_INT_CONVERSION = YES;
				CLANG_WARN_OBJC_ROOT_CLASS = YES_ERROR;
				CLANG_WARN_UNREACHABLE_CODE = YES;
				CLANG_WARN__DUPLICATE_METHOD_MATCH = YES;
				"CODE_SIGN_IDENTITY[sdk=iphoneos*]" = "iPhone Developer";
				COPY_PHASE_STRIP = NO;
				DEBUG_INFORMATION_FORMAT = "dwarf-with-dsym";
				ENABLE_NS_ASSERTIONS = NO;
				ENABLE_STRICT_OBJC_MSGSEND = YES;
				GCC_C_LANGUAGE_STANDARD = gnu99;
				GCC_NO_COMMON_BLOCKS = YES;
				GCC_WARN_64_TO_32_BIT_CONVERSION = YES;
				GCC_WARN_ABOUT_RETURN_TYPE = YES_ERROR;
				GCC_WARN_UNDECLARED_SELECTOR = YES;
				GCC_WARN_UNINITIALIZED_AUTOS = YES_AGGRESSIVE;
				GCC_WARN_UNUSED_FUNCTION = YES;
				GCC_WARN_UNUSED_VARIABLE = YES;
				IPHONEOS_DEPLOYMENT_TARGET = 9.2;
				MTL_ENABLE_DEBUG_INFO = NO;
				SDKROOT = iphoneos;
				VALIDATE_PRODUCT = YES;
			};
			name = Release;
		};
		ACE39CBB1D74EDB9003971F2 /* Debug */ = {
			isa = XCBuildConfiguration;
			buildSettings = {
				ASSETCATALOG_COMPILER_APPICON_NAME = AppIcon;
				INFOPLIST_FILE = ReproductorMusica/Info.plist;
				LD_RUNPATH_SEARCH_PATHS = "$(inherited) @executable_path/Frameworks";
				PRODUCT_BUNDLE_IDENTIFIER = com.mfreyeso.ReproductorMusica;
				PRODUCT_NAME = "$(TARGET_NAME)";
			};
			name = Debug;
		};
		ACE39CBC1D74EDB9003971F2 /* Release */ = {
			isa = XCBuildConfiguration;
			buildSettings = {
				ASSETCATALOG_COMPILER_APPICON_NAME = AppIcon;
				INFOPLIST_FILE = ReproductorMusica/Info.plist;
				LD_RUNPATH_SEARCH_PATHS = "$(inherited) @executable_path/Frameworks";
				PRODUCT_BUNDLE_IDENTIFIER = com.mfreyeso.ReproductorMusica;
				PRODUCT_NAME = "$(TARGET_NAME)";
			};
			name = Release;
		};
/* End XCBuildConfiguration section */

/* Begin XCConfigurationList section */
		ACE39CA31D74EDB8003971F2 /* Build configuration list for PBXProject "ReproductorMusica" */ = {
			isa = XCConfigurationList;
			buildConfigurations = (
				ACE39CB81D74EDB9003971F2 /* Debug */,
				ACE39CB91D74EDB9003971F2 /* Release */,
			);
			defaultConfigurationIsVisible = 0;
			defaultConfigurationName = Release;
		};
		ACE39CBA1D74EDB9003971F2 /* Build configuration list for PBXNativeTarget "ReproductorMusica" */ = {
			isa = XCConfigurationList;
			buildConfigurations = (
				ACE39CBB1D74EDB9003971F2 /* Debug */,
				ACE39CBC1D74EDB9003971F2 /* Release */,
			);
			defaultConfigurationIsVisible = 0;
		};
/* End XCConfigurationList section */
	};
	rootObject = ACE39CA01D74EDB8003971F2 /* Project object */;
}
